
Microsoft Visual Studio Solution File, Format Version 12.00
# Visual Studio Version 17
VisualStudioVersion = 17.11.35312.102
MinimumVisualStudioVersion = 10.0.40219.1
Project("{9A19103F-16F7-4668-BE54-9A1E7A4F7556}") = "RecordShop", "RecordShop\RecordShop.csproj", "{52F70F5A-42D9-4E6A-827E-7E20F014DCC3}"
EndProject
Project("{9A19103F-16F7-4668-BE54-9A1E7A4F7556}") = "RecordShop.Tests", "RecordShop.Tests\RecordShop.Tests.csproj", "{69EAEBAA-B7C1-4402-B6FF-96F0E0E5777A}"
EndProject
Project("{9A19103F-16F7-4668-BE54-9A1E7A4F7556}") = "RecordShopFrontEnd", "RecordShopFrontEnd\RecordShopFrontEnd\RecordShopFrontEnd.csproj", "{B1EBBAB3-0224-4643-86CC-ABD9B4798E5C}"
EndProject
Project("{9A19103F-16F7-4668-BE54-9A1E7A4F7556}") = "RecordShopFrontEnd.Client", "RecordShopFrontEnd\RecordShopFrontEnd.Client\RecordShopFrontEnd.Client.csproj", "{C6B40775-CAFF-4463-8763-070A30C137EB}"
EndProject
Global
	GlobalSection(SolutionConfigurationPlatforms) = preSolution
		Debug|Any CPU = Debug|Any CPU
		Release|Any CPU = Release|Any CPU
	EndGlobalSection
	GlobalSection(ProjectConfigurationPlatforms) = postSolution
		{52F70F5A-42D9-4E6A-827E-7E20F014DCC3}.Debug|Any CPU.ActiveCfg = Debug|Any CPU
		{52F70F5A-42D9-4E6A-827E-7E20F014DCC3}.Debug|Any CPU.Build.0 = Debug|Any CPU
		{52F70F5A-42D9-4E6A-827E-7E20F014DCC3}.Release|Any CPU.ActiveCfg = Release|Any CPU
		{52F70F5A-42D9-4E6A-827E-7E20F014DCC3}.Release|Any CPU.Build.0 = Release|Any CPU
		{69EAEBAA-B7C1-4402-B6FF-96F0E0E5777A}.Debug|Any CPU.ActiveCfg = Debug|Any CPU
		{69EAEBAA-B7C1-4402-B6FF-96F0E0E5777A}.Debug|Any CPU.Build.0 = Debug|Any CPU
		{69EAEBAA-B7C1-4402-B6FF-96F0E0E5777A}.Release|Any CPU.ActiveCfg = Release|Any CPU
		{69EAEBAA-B7C1-4402-B6FF-96F0E0E5777A}.Release|Any CPU.Build.0 = Release|Any CPU
		{B1EBBAB3-0224-4643-86CC-ABD9B4798E5C}.Debug|Any CPU.ActiveCfg = Debug|Any CPU
		{B1EBBAB3-0224-4643-86CC-ABD9B4798E5C}.Debug|Any CPU.Build.0 = Debug|Any CPU
		{B1EBBAB3-0224-4643-86CC-ABD9B4798E5C}.Release|Any CPU.ActiveCfg = Release|Any CPU
		{B1EBBAB3-0224-4643-86CC-ABD9B4798E5C}.Release|Any CPU.Build.0 = Release|Any CPU
		{C6B40775-CAFF-4463-8763-070A30C137EB}.Debug|Any CPU.ActiveCfg = Debug|Any CPU
		{C6B40775-CAFF-4463-8763-070A30C137EB}.Debug|Any CPU.Build.0 = Debug|Any CPU
		{C6B40775-CAFF-4463-8763-070A30C137EB}.Release|Any CPU.ActiveCfg = Release|Any CPU
		{C6B40775-CAFF-4463-8763-070A30C137EB}.Release|Any CPU.Build.0 = Release|Any CPU
	EndGlobalSection
	GlobalSection(SolutionProperties) = preSolution
		HideSolutionNode = FALSE
	EndGlobalSection
	GlobalSection(ExtensibilityGlobals) = postSolution
		SolutionGuid = {CB2714D6-24E3-470C-8192-39CD7BC7F759}
	EndGlobalSection
EndGlobal
